[{<<"base_util">>,
  {git,"https://github.com/Fabsolute/Erlang-Base-Util",
       {ref,"3243b39b5ae0ba82afe79a571372d7185b7a002f"}},
  0},
 {<<"cowboy">>,
  {git,"https://github.com/ninenines/cowboy",
       {ref,"69451dd98d99cf8d9f43ba44d4f30b34fdf3eb6c"}},
  0},
 {<<"cowlib">>,
  {git,"https://github.com/ninenines/cowlib",
       {ref,"af88cb78fc0dffb27fd9ab09659a6ba595493c1a"}},
  1},
 {<<"jsone">>,
  {git,"https://github.com/sile/jsone.git",
       {ref,"0e42866709d54d462c52d252b75f5f481ba0b155"}},
  0},
 {<<"ranch">>,
  {git,"https://github.com/ninenines/ranch",
       {ref,"8eaae552ec520605b7f4b0e5943256d2b5e3621c"}},
  1}].
